Microsoft Visual Studio Solution File, Format Version 12.00
# Visual Studio 15
VisualStudioVersion = 15.0.26430.14
MinimumVisualStudioVersion = 10.0.40219.1
Project("{FAE04EC0-301F-11D3-BF4B-00C04F79EFBC}") = "PagarmeApiSDK.Standard", "PagarmeApiSDK.Standard/PagarmeApiSDK.Standard.csproj", "{ce79c648-d763-47eb-99a9-6b5a13936acb}"
EndProject
Global
    GlobalSection(SolutionConfigurationPlatforms) = preSolution
        Debug|Any CPU = Debug|Any CPU
        Release|Any CPU = Release|Any CPU
    EndGlobalSection
    GlobalSection(ProjectConfigurationPlatforms) = postSolution
        {ce79c648-d763-47eb-99a9-6b5a13936acb}.Debug|Any CPU.ActiveCfg = Debug|Any CPU
        {ce79c648-d763-47eb-99a9-6b5a13936acb}.Debug|Any CPU.Build.0 = Debug|Any CPU
        {ce79c648-d763-47eb-99a9-6b5a13936acb}.Release|Any CPU.ActiveCfg = Release|Any CPU
        {ce79c648-d763-47eb-99a9-6b5a13936acb}.Release|Any CPU.Build.0 = Release|Any CPU
    EndGlobalSection
    GlobalSection(SolutionProperties) = preSolution
        HideSolutionNode = FALSE
    EndGlobalSection
EndGlobal
